<?xml version="1.0" encoding="utf-8"?>
<Project ToolsVersion="4.0" xmlns="http://schemas.microsoft.com/developer/msbuild/2003">
  <ItemGroup>
    <Filter Include="源文件">
      <UniqueIdentifier>{4FC737F1-C7A5-4376-A066-2A32D752A2FF}</UniqueIdentifier>
      <Extensions>cpp;c;cc;cxx;c++;cppm;ixx;def;odl;idl;hpj;bat;asm;asmx</Extensions>
    </Filter>
    <Filter Include="头文件">
      <UniqueIdentifier>{93995380-89BD-4b04-88EB-625FBE52EBFB}</UniqueIdentifier>
      <Extensions>h;hh;hpp;hxx;h++;hm;inl;inc;ipp;xsd</Extensions>
    </Filter>
    <Filter Include="资源文件">
      <UniqueIdentifier>{67DA6AB6-F800-4c08-8B7A-83BB121AAD01}</UniqueIdentifier>
      <Extensions>rc;ico;cur;bmp;dlg;rc2;rct;bin;rgs;gif;jpg;jpeg;jpe;resx;tiff;tif;png;wav;mfcribbon-ms</Extensions>
    </Filter>
    <Filter Include="源文件\App">
      <UniqueIdentifier>{2E45F2C8-25FE-43E4-BB2F-EF1C4D1B9D7A}</UniqueIdentifier>
    </Filter>
    <Filter Include="源文件\Game">
      <UniqueIdentifier>{7B0F9376-4B77-42F2-B7B1-C77E7A9B0A3B}</UniqueIdentifier>
    </Filter>
    <Filter Include="源文件\Game\Play">
      <UniqueIdentifier>{1C0E540B-4E9F-4AE2-96B1-3F0365B05D9A}</UniqueIdentifier>
    </Filter>
    <Filter Include="源文件\Game\PlayModes">
      <UniqueIdentifier>{2166969E-B932-4A0E-A20A-9872A988977B}</UniqueIdentifier>
    </Filter>
    <Filter Include="源文件\Core">
      <UniqueIdentifier>{32AFB33B-F8E7-4CB4-84DA-89AEBE6FBEBF}</UniqueIdentifier>
    </Filter>
    <Filter Include="源文件\UI">
      <UniqueIdentifier>{8D78C5E3-40D1-4A8A-8329-5277C9C87D90}</UniqueIdentifier>
    </Filter>
    <Filter Include="源文件\Services">
      <UniqueIdentifier>{0F5B9453-BEE7-4C60-BE49-F79428DC781A}</UniqueIdentifier>
    </Filter>
    <Filter Include="头文件\Game">
      <UniqueIdentifier>{F74370F6-3B5F-4D26-B20F-2604E044990E}</UniqueIdentifier>
    </Filter>
    <Filter Include="头文件\Core">
      <UniqueIdentifier>{74DDA99C-8064-4F70-9C3A-47D5AE0AA236}</UniqueIdentifier>
    </Filter>
    <Filter Include="头文件\UI">
      <UniqueIdentifier>{5A2235E1-0E40-466D-96E1-95C7EE116F54}</UniqueIdentifier>
    </Filter>
    <Filter Include="头文件\Services">
      <UniqueIdentifier>{2B2C65F8-1C91-4319-8D49-5815101A06B1}</UniqueIdentifier>
    </Filter>
  </ItemGroup>
  <ItemGroup>
    <ClCompile Include="services\app_paths.cpp">
      <Filter>源文件\Services</Filter>
    </ClCompile>
    <ClCompile Include="core\cube.cpp">
      <Filter>源文件\Core</Filter>
    </ClCompile>
    <ClCompile Include="core\cube_colors.cpp">
      <Filter>源文件\Core</Filter>
    </ClCompile>
    <ClCompile Include="core\cubesolver.cpp">
      <Filter>源文件\Core</Filter>
    </ClCompile>
    <ClCompile Include="game\game.cpp">
      <Filter>源文件\Game</Filter>
    </ClCompile>
    <ClCompile Include="game\game_menu_page.cpp">
      <Filter>源文件\Game</Filter>
    </ClCompile>
    <ClCompile Include="game\play\game_play_input.cpp">
      <Filter>源文件\Game\Play</Filter>
    </ClCompile>
    <ClCompile Include="game\play_modes\game_play_mode_auto.cpp">
      <Filter>源文件\Game\PlayModes</Filter>
    </ClCompile>
    <ClCompile Include="game\play_modes\game_play_mode_practice.cpp">
      <Filter>源文件\Game\PlayModes</Filter>
    </ClCompile>
    <ClCompile Include="game\play_modes\game_play_mode_teach.cpp">
      <Filter>源文件\Game\PlayModes</Filter>
    </ClCompile>
    <ClCompile Include="game\play\game_play_page.cpp">
      <Filter>源文件\Game\Play</Filter>
    </ClCompile>
    <ClCompile Include="game\play\game_play_runtime.cpp">
      <Filter>源文件\Game\Play</Filter>
    </ClCompile>
    <ClCompile Include="game\play\game_play_session.cpp">
      <Filter>源文件\Game\Play</Filter>
    </ClCompile>
    <ClCompile Include="game\game_select_page.cpp">
      <Filter>源文件\Game</Filter>
    </ClCompile>
    <ClCompile Include="game\game_ui_setup.cpp">
      <Filter>源文件\Game</Filter>
    </ClCompile>
    <ClCompile Include="app\main.cpp">
      <Filter>源文件\App</Filter>
    </ClCompile>
    <ClCompile Include="core\plane.cpp">
      <Filter>源文件\Core</Filter>
    </ClCompile>
    <ClCompile Include="core\point.cpp">
      <Filter>源文件\Core</Filter>
    </ClCompile>
    <ClCompile Include="core\rubikcube.cpp">
      <Filter>源文件\Core</Filter>
    </ClCompile>
    <ClCompile Include="services\utils.cpp">
      <Filter>源文件\Services</Filter>
    </ClCompile>
    <ClCompile Include="ui\ui.cpp">
      <Filter>源文件\UI</Filter>
    </ClCompile>
    <ClCompile Include="ui\ui_image.cpp">
      <Filter>源文件\UI</Filter>
    </ClCompile>
    <ClCompile Include="ui\ui_menu_cover.cpp">
      <Filter>源文件\UI</Filter>
    </ClCompile>
    <ClCompile Include="ui\ui_play_cover.cpp">
      <Filter>源文件\UI</Filter>
    </ClCompile>
    <ClCompile Include="ui\ui_select_cover.cpp">
      <Filter>源文件\UI</Filter>
    </ClCompile>
    <ClCompile Include="services\music.cpp">
      <Filter>源文件\Services</Filter>
    </ClCompile>
    <ClCompile Include="services\timer.cpp">
      <Filter>源文件\Services</Filter>
    </ClCompile>
    <ClCompile Include="services\recordfile.cpp">
      <Filter>源文件\Services</Filter>
    </ClCompile>
    <ClCompile Include="services\user.cpp">
      <Filter>源文件\Services</Filter>
    </ClCompile>
  </ItemGroup>
  <ItemGroup>
    <ClInclude Include="services\app_paths.h">
      <Filter>头文件\Services</Filter>
    </ClInclude>
    <ClInclude Include="core\common.h">
      <Filter>头文件\Core</Filter>
    </ClInclude>
    <ClInclude Include="core\cube.h">
      <Filter>头文件\Core</Filter>
    </ClInclude>
    <ClInclude Include="core\cube_colors.h">
      <Filter>头文件\Core</Filter>
    </ClInclude>
    <ClInclude Include="core\cubesolver.h">
      <Filter>头文件\Core</Filter>
    </ClInclude>
    <ClInclude Include="game\game.h">
      <Filter>头文件\Game</Filter>
    </ClInclude>
    <ClInclude Include="game\game_internal.h">
      <Filter>头文件\Game</Filter>
    </ClInclude>
    <ClInclude Include="game\game_state.h">
      <Filter>头文件\Game</Filter>
    </ClInclude>
    <ClInclude Include="core\plane.h">
      <Filter>头文件\Core</Filter>
    </ClInclude>
    <ClInclude Include="core\point.h">
      <Filter>头文件\Core</Filter>
    </ClInclude>
    <ClInclude Include="core\rubikcube.h">
      <Filter>头文件\Core</Filter>
    </ClInclude>
    <ClInclude Include="services\utils.h">
      <Filter>头文件\Services</Filter>
    </ClInclude>
    <ClInclude Include="ui\ui.h">
      <Filter>头文件\UI</Filter>
    </ClInclude>
    <ClInclude Include="ui\ui_image.h">
      <Filter>头文件\UI</Filter>
    </ClInclude>
    <ClInclude Include="ui\ui_menu_cover.h">
      <Filter>头文件\UI</Filter>
    </ClInclude>
    <ClInclude Include="ui\ui_play_cover.h">
      <Filter>头文件\UI</Filter>
    </ClInclude>
    <ClInclude Include="ui\ui_select_cover.h">
      <Filter>头文件\UI</Filter>
    </ClInclude>
    <ClInclude Include="services\music.h">
      <Filter>头文件\Services</Filter>
    </ClInclude>
    <ClInclude Include="services\timer.h">
      <Filter>头文件\Services</Filter>
    </ClInclude>
    <ClInclude Include="services\recordfile.h">
      <Filter>头文件\Services</Filter>
    </ClInclude>
    <ClInclude Include="services\user.h">
      <Filter>头文件\Services</Filter>
    </ClInclude>
  </ItemGroup>
</Project>
